
Microsoft Visual Studio Solution File, Format Version 12.00
# Visual Studio Version 17
VisualStudioVersion = 17.8.34525.116
MinimumVisualStudioVersion = 10.0.40219.1
Project("{FAE04EC0-301F-11D3-BF4B-00C04F79EFBC}") = "BlogAppProject", "BlogAppProject\BlogAppProject.csproj", "{BDD07A72-CF38-4375-8258-68BD48C73B36}"
EndProject
Global
	GlobalSection(SolutionConfigurationPlatforms) = preSolution
		Debug|Any CPU = Debug|Any CPU
		Release|Any CPU = Release|Any CPU
	EndGlobalSection
	GlobalSection(ProjectConfigurationPlatforms) = postSolution
		{BDD07A72-CF38-4375-8258-68BD48C73B36}.Debug|Any CPU.ActiveCfg = Debug|Any CPU
		{BDD07A72-CF38-4375-8258-68BD48C73B36}.Debug|Any CPU.Build.0 = Debug|Any CPU
		{BDD07A72-CF38-4375-8258-68BD48C73B36}.Release|Any CPU.ActiveCfg = Release|Any CPU
		{BDD07A72-CF38-4375-8258-68BD48C73B36}.Release|Any CPU.Build.0 = Release|Any CPU
	EndGlobalSection
	GlobalSection(SolutionProperties) = preSolution
		HideSolutionNode = FALSE
	EndGlobalSection
	GlobalSection(ExtensibilityGlobals) = postSolution
		SolutionGuid = {022935FE-B1B1-4A79-A898-1698E688F3E8}
	EndGlobalSection
EndGlobal
